Microsoft Visual Studio Solution File, Format Version 12.00
# Visual Studio Version 17
VisualStudioVersion = 17.2.32616.157
MinimumVisualStudioVersion = 10.0.40219.1
Project("{9A19103F-16F7-4668-BE54-9A1E7A4F7556}") = "ZaliczenieWF.Core", "src\ZaliczenieWF.Core\ZaliczenieWF.Core.csproj", "{71D8A59E-F98D-4C35-BCF0-EDBEA11A3617}"
EndProject
Project("{9A19103F-16F7-4668-BE54-9A1E7A4F7556}") = "ZaliczenieWF.WPF", "ZaliczenieWF.WPF\ZaliczenieWF.WPF.csproj", "{150195FC-706B-4585-9518-2F25F1A18BE9}"
EndProject
Project("{9A19103F-16F7-4668-BE54-9A1E7A4F7556}") = "ZaliczenieWF.Reporting", "ZaliczenieWF.Reporting\ZaliczenieWF.Reporting.csproj", "{51CDE41B-4955-47FF-A290-E617EB367E7F}"
EndProject
Project("{9A19103F-16F7-4668-BE54-9A1E7A4F7556}") = "ZaliczenieWF.Models", "ZaliczenieWF.Models\ZaliczenieWF.Models.csproj", "{F113DA3E-5C5D-42FE-B7B7-6B7B2DE1CFA2}"
EndProject
Global
	GlobalSection(SolutionConfigurationPlatforms) = preSolution
		Debug|Any CPU = Debug|Any CPU
		Debug|ARM = Debug|ARM
		Debug|iPhone = Debug|iPhone
		Debug|iPhoneSimulator = Debug|iPhoneSimulator
		Debug|x64 = Debug|x64
		Debug|x86 = Debug|x86
		DebugLocal|Any CPU = DebugLocal|Any CPU
		DebugLocal|ARM = DebugLocal|ARM
		DebugLocal|iPhone = DebugLocal|iPhone
		DebugLocal|iPhoneSimulator = DebugLocal|iPhoneSimulator
		DebugLocal|x64 = DebugLocal|x64
		DebugLocal|x86 = DebugLocal|x86
		Release|Any CPU = Release|Any CPU
		Release|ARM = Release|ARM
		Release|iPhone = Release|iPhone
		Release|iPhoneSimulator = Release|iPhoneSimulator
		Release|x64 = Release|x64
		Release|x86 = Release|x86
	EndGlobalSection
	GlobalSection(ProjectConfigurationPlatforms) = postSolution
		{71D8A59E-F98D-4C35-BCF0-EDBEA11A3617}.Debug|Any CPU.ActiveCfg = Debug|Any CPU
		{71D8A59E-F98D-4C35-BCF0-EDBEA11A3617}.Debug|Any CPU.Build.0 = Debug|Any CPU
		{71D8A59E-F98D-4C35-BCF0-EDBEA11A3617}.Debug|ARM.ActiveCfg = Debug|Any CPU
		{71D8A59E-F98D-4C35-BCF0-EDBEA11A3617}.Debug|ARM.Build.0 = Debug|Any CPU
		{71D8A59E-F98D-4C35-BCF0-EDBEA11A3617}.Debug|iPhone.ActiveCfg = Debug|Any CPU
		{71D8A59E-F98D-4C35-BCF0-EDBEA11A3617}.Debug|iPhone.Build.0 = Debug|Any CPU
		{71D8A59E-F98D-4C35-BCF0-EDBEA11A3617}.Debug|iPhoneSimulator.ActiveCfg = Debug|Any CPU
		{71D8A59E-F98D-4C35-BCF0-EDBEA11A3617}.Debug|iPhoneSimulator.Build.0 = Debug|Any CPU
		{71D8A59E-F98D-4C35-BCF0-EDBEA11A3617}.Debug|x64.ActiveCfg = Debug|Any CPU
		{71D8A59E-F98D-4C35-BCF0-EDBEA11A3617}.Debug|x64.Build.0 = Debug|Any CPU
		{71D8A59E-F98D-4C35-BCF0-EDBEA11A3617}.Debug|x86.ActiveCfg = Debug|Any CPU
		{71D8A59E-F98D-4C35-BCF0-EDBEA11A3617}.Debug|x86.Build.0 = Debug|Any CPU
		{71D8A59E-F98D-4C35-BCF0-EDBEA11A3617}.DebugLocal|Any CPU.ActiveCfg = Debug|Any CPU
		{71D8A59E-F98D-4C35-BCF0-EDBEA11A3617}.DebugLocal|Any CPU.Build.0 = Debug|Any CPU
		{71D8A59E-F98D-4C35-BCF0-EDBEA11A3617}.DebugLocal|ARM.ActiveCfg = Debug|Any CPU
		{71D8A59E-F98D-4C35-BCF0-EDBEA11A3617}.DebugLocal|ARM.Build.0 = Debug|Any CPU
		{71D8A59E-F98D-4C35-BCF0-EDBEA11A3617}.DebugLocal|iPhone.ActiveCfg = Debug|Any CPU
		{71D8A59E-F98D-4C35-BCF0-EDBEA11A3617}.DebugLocal|iPhone.Build.0 = Debug|Any CPU
		{71D8A59E-F98D-4C35-BCF0-EDBEA11A3617}.DebugLocal|iPhoneSimulator.ActiveCfg = Debug|Any CPU
		{71D8A59E-F98D-4C35-BCF0-EDBEA11A3617}.DebugLocal|iPhoneSimulator.Build.0 = Debug|Any CPU
		{71D8A59E-F98D-4C35-BCF0-EDBEA11A3617}.DebugLocal|x64.ActiveCfg = Debug|Any CPU
		{71D8A59E-F98D-4C35-BCF0-EDBEA11A3617}.DebugLocal|x64.Build.0 = Debug|Any CPU
		{71D8A59E-F98D-4C35-BCF0-EDBEA11A3617}.DebugLocal|x86.ActiveCfg = Debug|Any CPU
		{71D8A59E-F98D-4C35-BCF0-EDBEA11A3617}.DebugLocal|x86.Build.0 = Debug|Any CPU
		{71D8A59E-F98D-4C35-BCF0-EDBEA11A3617}.Release|Any CPU.ActiveCfg = Release|Any CPU
		{71D8A59E-F98D-4C35-BCF0-EDBEA11A3617}.Release|Any CPU.Build.0 = Release|Any CPU
		{71D8A59E-F98D-4C35-BCF0-EDBEA11A3617}.Release|ARM.ActiveCfg = Release|Any CPU
		{71D8A59E-F98D-4C35-BCF0-EDBEA11A3617}.Release|ARM.Build.0 = Release|Any CPU
		{71D8A59E-F98D-4C35-BCF0-EDBEA11A3617}.Release|iPhone.ActiveCfg = Release|Any CPU
		{71D8A59E-F98D-4C35-BCF0-EDBEA11A3617}.Release|iPhone.Build.0 = Release|Any CPU
		{71D8A59E-F98D-4C35-BCF0-EDBEA11A3617}.Release|iPhoneSimulator.ActiveCfg = Release|Any CPU
		{71D8A59E-F98D-4C35-BCF0-EDBEA11A3617}.Release|iPhoneSimulator.Build.0 = Release|Any CPU
		{71D8A59E-F98D-4C35-BCF0-EDBEA11A3617}.Release|x64.ActiveCfg = Release|Any CPU
		{71D8A59E-F98D-4C35-BCF0-EDBEA11A3617}.Release|x64.Build.0 = Release|Any CPU
		{71D8A59E-F98D-4C35-BCF0-EDBEA11A3617}.Release|x86.ActiveCfg = Release|Any CPU
		{71D8A59E-F98D-4C35-BCF0-EDBEA11A3617}.Release|x86.Build.0 = Release|Any CPU
		{150195FC-706B-4585-9518-2F25F1A18BE9}.Debug|Any CPU.ActiveCfg = Debug|Any CPU
		{150195FC-706B-4585-9518-2F25F1A18BE9}.Debug|Any CPU.Build.0 = Debug|Any CPU
		{150195FC-706B-4585-9518-2F25F1A18BE9}.Debug|ARM.ActiveCfg = Debug|Any CPU
		{150195FC-706B-4585-9518-2F25F1A18BE9}.Debug|ARM.Build.0 = Debug|Any CPU
		{150195FC-706B-4585-9518-2F25F1A18BE9}.Debug|iPhone.ActiveCfg = Debug|Any CPU
		{150195FC-706B-4585-9518-2F25F1A18BE9}.Debug|iPhone.Build.0 = Debug|Any CPU
		{150195FC-706B-4585-9518-2F25F1A18BE9}.Debug|iPhoneSimulator.ActiveCfg = Debug|Any CPU
		{150195FC-706B-4585-9518-2F25F1A18BE9}.Debug|iPhoneSimulator.Build.0 = Debug|Any CPU
		{150195FC-706B-4585-9518-2F25F1A18BE9}.Debug|x64.ActiveCfg = Debug|Any CPU
		{150195FC-706B-4585-9518-2F25F1A18BE9}.Debug|x64.Build.0 = Debug|Any CPU
		{150195FC-706B-4585-9518-2F25F1A18BE9}.Debug|x86.ActiveCfg = Debug|Any CPU
		{150195FC-706B-4585-9518-2F25F1A18BE9}.Debug|x86.Build.0 = Debug|Any CPU
		{150195FC-706B-4585-9518-2F25F1A18BE9}.DebugLocal|Any CPU.ActiveCfg = Debug|Any CPU
		{150195FC-706B-4585-9518-2F25F1A18BE9}.DebugLocal|Any CPU.Build.0 = Debug|Any CPU
		{150195FC-706B-4585-9518-2F25F1A18BE9}.DebugLocal|ARM.ActiveCfg = Debug|Any CPU
		{150195FC-706B-4585-9518-2F25F1A18BE9}.DebugLocal|ARM.Build.0 = Debug|Any CPU
		{150195FC-706B-4585-9518-2F25F1A18BE9}.DebugLocal|iPhone.ActiveCfg = Debug|Any CPU
		{150195FC-706B-4585-9518-2F25F1A18BE9}.DebugLocal|iPhone.Build.0 = Debug|Any CPU
		{150195FC-706B-4585-9518-2F25F1A18BE9}.DebugLocal|iPhoneSimulator.ActiveCfg = Debug|Any CPU
		{150195FC-706B-4585-9518-2F25F1A18BE9}.DebugLocal|iPhoneSimulator.Build.0 = Debug|Any CPU
		{150195FC-706B-4585-9518-2F25F1A18BE9}.DebugLocal|x64.ActiveCfg = Debug|Any CPU
		{150195FC-706B-4585-9518-2F25F1A18BE9}.DebugLocal|x64.Build.0 = Debug|Any CPU
		{150195FC-706B-4585-9518-2F25F1A18BE9}.DebugLocal|x86.ActiveCfg = Debug|Any CPU
		{150195FC-706B-4585-9518-2F25F1A18BE9}.DebugLocal|x86.Build.0 = Debug|Any CPU
		{150195FC-706B-4585-9518-2F25F1A18BE9}.Release|Any CPU.ActiveCfg = Release|Any CPU
		{150195FC-706B-4585-9518-2F25F1A18BE9}.Release|Any CPU.Build.0 = Release|Any CPU
		{150195FC-706B-4585-9518-2F25F1A18BE9}.Release|ARM.ActiveCfg = Release|Any CPU
		{150195FC-706B-4585-9518-2F25F1A18BE9}.Release|ARM.Build.0 = Release|Any CPU
		{150195FC-706B-4585-9518-2F25F1A18BE9}.Release|iPhone.ActiveCfg = Release|Any CPU
		{150195FC-706B-4585-9518-2F25F1A18BE9}.Release|iPhone.Build.0 = Release|Any CPU
		{150195FC-706B-4585-9518-2F25F1A18BE9}.Release|iPhoneSimulator.ActiveCfg = Release|Any CPU
		{150195FC-706B-4585-9518-2F25F1A18BE9}.Release|iPhoneSimulator.Build.0 = Release|Any CPU
		{150195FC-706B-4585-9518-2F25F1A18BE9}.Release|x64.ActiveCfg = Release|Any CPU
		{150195FC-706B-4585-9518-2F25F1A18BE9}.Release|x64.Build.0 = Release|Any CPU
		{150195FC-706B-4585-9518-2F25F1A18BE9}.Release|x86.ActiveCfg = Release|Any CPU
		{150195FC-706B-4585-9518-2F25F1A18BE9}.Release|x86.Build.0 = Release|Any CPU
		{51CDE41B-4955-47FF-A290-E617EB367E7F}.Debug|Any CPU.ActiveCfg = Debug|Any CPU
		{51CDE41B-4955-47FF-A290-E617EB367E7F}.Debug|Any CPU.Build.0 = Debug|Any CPU
		{51CDE41B-4955-47FF-A290-E617EB367E7F}.Debug|ARM.ActiveCfg = Debug|Any CPU
		{51CDE41B-4955-47FF-A290-E617EB367E7F}.Debug|ARM.Build.0 = Debug|Any CPU
		{51CDE41B-4955-47FF-A290-E617EB367E7F}.Debug|iPhone.ActiveCfg = Debug|Any CPU
		{51CDE41B-4955-47FF-A290-E617EB367E7F}.Debug|iPhone.Build.0 = Debug|Any CPU
		{51CDE41B-4955-47FF-A290-E617EB367E7F}.Debug|iPhoneSimulator.ActiveCfg = Debug|Any CPU
		{51CDE41B-4955-47FF-A290-E617EB367E7F}.Debug|iPhoneSimulator.Build.0 = Debug|Any CPU
		{51CDE41B-4955-47FF-A290-E617EB367E7F}.Debug|x64.ActiveCfg = Debug|Any CPU
		{51CDE41B-4955-47FF-A290-E617EB367E7F}.Debug|x64.Build.0 = Debug|Any CPU
		{51CDE41B-4955-47FF-A290-E617EB367E7F}.Debug|x86.ActiveCfg = Debug|Any CPU
		{51CDE41B-4955-47FF-A290-E617EB367E7F}.Debug|x86.Build.0 = Debug|Any CPU
		{51CDE41B-4955-47FF-A290-E617EB367E7F}.DebugLocal|Any CPU.ActiveCfg = Debug|Any CPU
		{51CDE41B-4955-47FF-A290-E617EB367E7F}.DebugLocal|Any CPU.Build.0 = Debug|Any CPU
		{51CDE41B-4955-47FF-A290-E617EB367E7F}.DebugLocal|ARM.ActiveCfg = Debug|Any CPU
		{51CDE41B-4955-47FF-A290-E617EB367E7F}.DebugLocal|ARM.Build.0 = Debug|Any CPU
		{51CDE41B-4955-47FF-A290-E617EB367E7F}.DebugLocal|iPhone.ActiveCfg = Debug|Any CPU
		{51CDE41B-4955-47FF-A290-E617EB367E7F}.DebugLocal|iPhone.Build.0 = Debug|Any CPU
		{51CDE41B-4955-47FF-A290-E617EB367E7F}.DebugLocal|iPhoneSimulator.ActiveCfg = Debug|Any CPU
		{51CDE41B-4955-47FF-A290-E617EB367E7F}.DebugLocal|iPhoneSimulator.Build.0 = Debug|Any CPU
		{51CDE41B-4955-47FF-A290-E617EB367E7F}.DebugLocal|x64.ActiveCfg = Debug|Any CPU
		{51CDE41B-4955-47FF-A290-E617EB367E7F}.DebugLocal|x64.Build.0 = Debug|Any CPU
		{51CDE41B-4955-47FF-A290-E617EB367E7F}.DebugLocal|x86.ActiveCfg = Debug|Any CPU
		{51CDE41B-4955-47FF-A290-E617EB367E7F}.DebugLocal|x86.Build.0 = Debug|Any CPU
		{51CDE41B-4955-47FF-A290-E617EB367E7F}.Release|Any CPU.ActiveCfg = Release|Any CPU
		{51CDE41B-4955-47FF-A290-E617EB367E7F}.Release|Any CPU.Build.0 = Release|Any CPU
		{51CDE41B-4955-47FF-A290-E617EB367E7F}.Release|ARM.ActiveCfg = Release|Any CPU
		{51CDE41B-4955-47FF-A290-E617EB367E7F}.Release|ARM.Build.0 = Release|Any CPU
		{51CDE41B-4955-47FF-A290-E617EB367E7F}.Release|iPhone.ActiveCfg = Release|Any CPU
		{51CDE41B-4955-47FF-A290-E617EB367E7F}.Release|iPhone.Build.0 = Release|Any CPU
		{51CDE41B-4955-47FF-A290-E617EB367E7F}.Release|iPhoneSimulator.ActiveCfg = Release|Any CPU
		{51CDE41B-4955-47FF-A290-E617EB367E7F}.Release|iPhoneSimulator.Build.0 = Release|Any CPU
		{51CDE41B-4955-47FF-A290-E617EB367E7F}.Release|x64.ActiveCfg = Release|Any CPU
		{51CDE41B-4955-47FF-A290-E617EB367E7F}.Release|x64.Build.0 = Release|Any CPU
		{51CDE41B-4955-47FF-A290-E617EB367E7F}.Release|x86.ActiveCfg = Release|Any CPU
		{51CDE41B-4955-47FF-A290-E617EB367E7F}.Release|x86.Build.0 = Release|Any CPU
		{F113DA3E-5C5D-42FE-B7B7-6B7B2DE1CFA2}.Debug|Any CPU.ActiveCfg = Debug|Any CPU
		{F113DA3E-5C5D-42FE-B7B7-6B7B2DE1CFA2}.Debug|Any CPU.Build.0 = Debug|Any CPU
		{F113DA3E-5C5D-42FE-B7B7-6B7B2DE1CFA2}.Debug|ARM.ActiveCfg = Debug|Any CPU
		{F113DA3E-5C5D-42FE-B7B7-6B7B2DE1CFA2}.Debug|ARM.Build.0 = Debug|Any CPU
		{F113DA3E-5C5D-42FE-B7B7-6B7B2DE1CFA2}.Debug|iPhone.ActiveCfg = Debug|Any CPU
		{F113DA3E-5C5D-42FE-B7B7-6B7B2DE1CFA2}.Debug|iPhone.Build.0 = Debug|Any CPU
		{F113DA3E-5C5D-42FE-B7B7-6B7B2DE1CFA2}.Debug|iPhoneSimulator.ActiveCfg = Debug|Any CPU
		{F113DA3E-5C5D-42FE-B7B7-6B7B2DE1CFA2}.Debug|iPhoneSimulator.Build.0 = Debug|Any CPU
		{F113DA3E-5C5D-42FE-B7B7-6B7B2DE1CFA2}.Debug|x64.ActiveCfg = Debug|Any CPU
		{F113DA3E-5C5D-42FE-B7B7-6B7B2DE1CFA2}.Debug|x64.Build.0 = Debug|Any CPU
		{F113DA3E-5C5D-42FE-B7B7-6B7B2DE1CFA2}.Debug|x86.ActiveCfg = Debug|Any CPU
		{F113DA3E-5C5D-42FE-B7B7-6B7B2DE1CFA2}.Debug|x86.Build.0 = Debug|Any CPU
		{F113DA3E-5C5D-42FE-B7B7-6B7B2DE1CFA2}.DebugLocal|Any CPU.ActiveCfg = Debug|Any CPU
		{F113DA3E-5C5D-42FE-B7B7-6B7B2DE1CFA2}.DebugLocal|Any CPU.Build.0 = Debug|Any CPU
		{F113DA3E-5C5D-42FE-B7B7-6B7B2DE1CFA2}.DebugLocal|ARM.ActiveCfg = Debug|Any CPU
		{F113DA3E-5C5D-42FE-B7B7-6B7B2DE1CFA2}.DebugLocal|ARM.Build.0 = Debug|Any CPU
		{F113DA3E-5C5D-42FE-B7B7-6B7B2DE1CFA2}.DebugLocal|iPhone.ActiveCfg = Debug|Any CPU
		{F113DA3E-5C5D-42FE-B7B7-6B7B2DE1CFA2}.DebugLocal|iPhone.Build.0 = Debug|Any CPU
		{F113DA3E-5C5D-42FE-B7B7-6B7B2DE1CFA2}.DebugLocal|iPhoneSimulator.ActiveCfg = Debug|Any CPU
		{F113DA3E-5C5D-42FE-B7B7-6B7B2DE1CFA2}.DebugLocal|iPhoneSimulator.Build.0 = Debug|Any CPU
		{F113DA3E-5C5D-42FE-B7B7-6B7B2DE1CFA2}.DebugLocal|x64.ActiveCfg = Debug|Any CPU
		{F113DA3E-5C5D-42FE-B7B7-6B7B2DE1CFA2}.DebugLocal|x64.Build.0 = Debug|Any CPU
		{F113DA3E-5C5D-42FE-B7B7-6B7B2DE1CFA2}.DebugLocal|x86.ActiveCfg = Debug|Any CPU
		{F113DA3E-5C5D-42FE-B7B7-6B7B2DE1CFA2}.DebugLocal|x86.Build.0 = Debug|Any CPU
		{F113DA3E-5C5D-42FE-B7B7-6B7B2DE1CFA2}.Release|Any CPU.ActiveCfg = Release|Any CPU
		{F113DA3E-5C5D-42FE-B7B7-6B7B2DE1CFA2}.Release|Any CPU.Build.0 = Release|Any CPU
		{F113DA3E-5C5D-42FE-B7B7-6B7B2DE1CFA2}.Release|ARM.ActiveCfg = Release|Any CPU
		{F113DA3E-5C5D-42FE-B7B7-6B7B2DE1CFA2}.Release|ARM.Build.0 = Release|Any CPU
		{F113DA3E-5C5D-42FE-B7B7-6B7B2DE1CFA2}.Release|iPhone.ActiveCfg = Release|Any CPU
		{F113DA3E-5C5D-42FE-B7B7-6B7B2DE1CFA2}.Release|iPhone.Build.0 = Release|Any CPU
		{F113DA3E-5C5D-42FE-B7B7-6B7B2DE1CFA2}.Release|iPhoneSimulator.ActiveCfg = Release|Any CPU
		{F113DA3E-5C5D-42FE-B7B7-6B7B2DE1CFA2}.Release|iPhoneSimulator.Build.0 = Release|Any CPU
		{F113DA3E-5C5D-42FE-B7B7-6B7B2DE1CFA2}.Release|x64.ActiveCfg = Release|Any CPU
		{F113DA3E-5C5D-42FE-B7B7-6B7B2DE1CFA2}.Release|x64.Build.0 = Release|Any CPU
		{F113DA3E-5C5D-42FE-B7B7-6B7B2DE1CFA2}.Release|x86.ActiveCfg = Release|Any CPU
		{F113DA3E-5C5D-42FE-B7B7-6B7B2DE1CFA2}.Release|x86.Build.0 = Release|Any CPU
	EndGlobalSection
	GlobalSection(SolutionProperties) = preSolution
		HideSolutionNode = FALSE
	EndGlobalSection
	GlobalSection(ExtensibilityGlobals) = postSolution
		SolutionGuid = {B0167FDA-02C4-4E35-B1C7-30F1559619A1}
	EndGlobalSection
EndGlobal
